// !$*UTF8*$!
{
	archiveVersion = 1;
	classes = {
	};
	objectVersion = 48;
	objects = {

/* Begin PBXBuildFile section */
		8D9271451FF448DF00586790 /* AppDelegate.swift in Sources */ = {isa = PBXBuildFile; fileRef = 8D9271441FF448DE00586790 /* AppDelegate.swift */; };
		8D9271471FF448DF00586790 /* ViewController.swift in Sources */ = {isa = PBXBuildFile; fileRef = 8D9271461FF448DF00586790 /* ViewController.swift */; };
		8D92714A1FF448DF00586790 /* Main.storyboard in Resources */ = {isa = PBXBuildFile; fileRef = 8D9271481FF448DF00586790 /* Main.storyboard */; };
		8D92714C1FF448DF00586790 /* Assets.xcassets in Resources */ = {isa = PBXBuildFile; fileRef = 8D92714B1FF448DF00586790 /* Assets.xcassets */; };
		8D92714F1FF448DF00586790 /* LaunchScreen.storyboard in Resources */ = {isa = PBXBuildFile; fileRef = 8D92714D1FF448DF00586790 /* LaunchScreen.storyboard */; };
		8D92715A1FF448DF00586790 /* simpleImagePickTests.swift in Sources */ = {isa = PBXBuildFile; fileRef = 8D9271591FF448DF00586790 /* simpleImagePickTests.swift */; };
		8D9271651FF448DF00586790 /* simpleImagePickUITests.swift in Sources */ = {isa = PBXBuildFile; fileRef = 8D9271641FF448DF00586790 /* simpleImagePickUITests.swift */; };
/* End PBXBuildFile section */

/* Begin PBXContainerItemProxy section */
		8D9271561FF448DF00586790 /* PBXContainerItemProxy */ = {
			isa = PBXContainerItemProxy;
			containerPortal = 8D9271391FF448DE00586790 /* Project object */;
			proxyType = 1;
			remoteGlobalIDString = 8D9271401FF448DE00586790;
			remoteInfo = simpleImagePick;
		};
		8D9271611FF448DF00586790 /* PBXContainerItemProxy */ = {
			isa = PBXContainerItemProxy;
			containerPortal = 8D9271391FF448DE00586790 /* Project object */;
			proxyType = 1;
			remoteGlobalIDString = 8D9271401FF448DE00586790;
			remoteInfo = simpleImagePick;
		};
/* End PBXContainerItemProxy section */

/* Begin PBXFileReference section */
		8D9271411FF448DE00586790 /* simpleImagePick.app */ = {isa = PBXFileReference; explicitFileType = wrapper.application; includeInIndex = 0; path = simpleImagePick.app; sourceTree = BUILT_PRODUCTS_DIR; };
		8D9271441FF448DE00586790 /* AppDelegate.swift */ = {isa = PBXFileReference; lastKnownFileType = sourcecode.swift; path = AppDelegate.swift; sourceTree = "<group>"; };
		8D9271461FF448DF00586790 /* ViewController.swift */ = {isa = PBXFileReference; lastKnownFileType = sourcecode.swift; path = ViewController.swift; sourceTree = "<group>"; };
		8D9271491FF448DF00586790 /* Base */ = {isa = PBXFileReference; lastKnownFileType = file.storyboard; name = Base; path = Base.lproj/Main.storyboard; sourceTree = "<group>"; };
		8D92714B1FF448DF00586790 /* Assets.xcassets */ = {isa = PBXFileReference; lastKnownFileType = folder.assetcatalog; path = Assets.xcassets; sourceTree = "<group>"; };
		8D92714E1FF448DF00586790 /* Base */ = {isa = PBXFileReference; lastKnownFileType = file.storyboard; name = Base; path = Base.lproj/LaunchScreen.storyboard; sourceTree = "<group>"; };
		8D9271501FF448DF00586790 /* Info.plist */ = {isa = PBXFileReference; lastKnownFileType = text.plist.xml; path = Info.plist; sourceTree = "<group>"; };
		8D9271551FF448DF00586790 /* simpleImagePickTests.xctest */ = {isa = PBXFileReference; explicitFileType = wrapper.cfbundle; includeInIndex = 0; path = simpleImagePickTests.xctest; sourceTree = BUILT_PRODUCTS_DIR; };
		8D9271591FF448DF00586790 /* simpleImagePickTests.swift */ = {isa = PBXFileReference; lastKnownFileType = sourcecode.swift; path = simpleImagePickTests.swift; sourceTree = "<group>"; };
		8D92715B1FF448DF00586790 /* Info.plist */ = {isa = PBXFileReference; lastKnownFileType = text.plist.xml; path = Info.plist; sourceTree = "<group>"; };
		8D9271601FF448DF00586790 /* simpleImagePickUITests.xctest */ = {isa = PBXFileReference; explicitFileType = wrapper.cfbundle; includeInIndex = 0; path = simpleImagePickUITests.xctest; sourceTree = BUILT_PRODUCTS_DIR; };
		8D9271641FF448DF00586790 /* simpleImagePickUITests.swift */ = {isa = PBXFileReference; lastKnownFileType = sourcecode.swift; path = simpleImagePickUITests.swift; sourceTree = "<group>"; };
		8D9271661FF448DF00586790 /* Info.plist */ = {isa = PBXFileReference; lastKnownFileType = text.plist.xml; path = Info.plist; sourceTree = "<group>"; };
/* End PBXFileReference section */

/* Begin PBXFrameworksBuildPhase section */
		8D92713E1FF448DE00586790 /* Frameworks */ = {
			isa = PBXFrameworksBuildPhase;
			buildActionMask = 2147483647;
			files = (
			);
			runOnlyForDeploymentPostprocessing = 0;
		};
		8D9271521FF448DF00586790 /* Frameworks */ = {
			isa = PBXFrameworksBuildPhase;
			buildActionMask = 2147483647;
			files = (
			);
			runOnlyForDeploymentPostprocessing = 0;
		};
		8D92715D1FF448DF00586790 /* Frameworks */ = {
			isa = PBXFrameworksBuildPhase;
			buildActionMask = 2147483647;
			files = (
			);
			runOnlyForDeploymentPostprocessing = 0;
		};
/* End PBXFrameworksBuildPhase section */

/* Begin PBXGroup section */
		8D9271381FF448DE00586790 = {
			isa = PBXGroup;
			children = (
				8D9271431FF448DE00586790 /* simpleImagePick */,
				8D9271581FF448DF00586790 /* simpleImagePickTests */,
				8D9271631FF448DF00586790 /* simpleImagePickUITests */,
				8D9271421FF448DE00586790 /* Products */,
			);
			sourceTree = "<group>";
		};
		8D9271421FF448DE00586790 /* Products */ = {
			isa = PBXGroup;
			children = (
				8D9271411FF448DE00586790 /* simpleImagePick.app */,
				8D9271551FF448DF00586790 /* simpleImagePickTests.xctest */,
				8D9271601FF448DF00586790 /* simpleImagePickUITests.xctest */,
			);
			name = Products;
			sourceTree = "<group>";
		};
		8D9271431FF448DE00586790 /* simpleImagePick */ = {
			isa = PBXGroup;
			children = (
				8D9271441FF448DE00586790 /* AppDelegate.swift */,
				8D9271461FF448DF00586790 /* ViewController.swift */,
				8D9271481FF448DF00586790 /* Main.storyboard */,
				8D92714B1FF448DF00586790 /* Assets.xcassets */,
				8D92714D1FF448DF00586790 /* LaunchScreen.storyboard */,
				8D9271501FF448DF00586790 /* Info.plist */,
			);
			path = simpleImagePick;
			sourceTree = "<group>";
		};
		8D9271581FF448DF00586790 /* simpleImagePickTests */ = {
			isa = PBXGroup;
			children = (
				8D9271591FF448DF00586790 /* simpleImagePickTests.swift */,
				8D92715B1FF448DF00586790 /* Info.plist */,
			);
			path = simpleImagePickTests;
			sourceTree = "<group>";
		};
		8D9271631FF448DF00586790 /* simpleImagePickUITests */ = {
			isa = PBXGroup;
			children = (
				8D9271641FF448DF00586790 /* simpleImagePickUITests.swift */,
				8D9271661FF448DF00586790 /* Info.plist */,
			);
			path = simpleImagePickUITests;
			sourceTree = "<group>";
		};
/* End PBXGroup section */

/* Begin PBXNativeTarget section */
		8D9271401FF448DE00586790 /* simpleImagePick */ = {
			isa = PBXNativeTarget;
			buildConfigurationList = 8D9271691FF448DF00586790 /* Build configuration list for PBXNativeTarget "simpleImagePick" */;
			buildPhases = (
				8D92713D1FF448DE00586790 /* Sources */,
				8D92713E1FF448DE00586790 /* Frameworks */,
				8D92713F1FF448DE00586790 /* Resources */,
			);
			buildRules = (
			);
			dependencies = (
			);
			name = simpleImagePick;
			productName = simpleImagePick;
			productReference = 8D9271411FF448DE00586790 /* simpleImagePick.app */;
			productType = "com.apple.product-type.application";
		};
		8D9271541FF448DF00586790 /* simpleImagePickTests */ = {
			isa = PBXNativeTarget;
			buildConfigurationList = 8D92716C1FF448DF00586790 /* Build configuration list for PBXNativeTarget "simpleImagePickTests" */;
			buildPhases = (
				8D9271511FF448DF00586790 /* Sources */,
				8D9271521FF448DF00586790 /* Frameworks */,
				8D9271531FF448DF00586790 /* Resources */,
			);
			buildRules = (
			);
			dependencies = (
				8D9271571FF448DF00586790 /* PBXTargetDependency */,
			);
			name = simpleImagePickTests;
			productName = simpleImagePickTests;
			productReference = 8D9271551FF448DF00586790 /* simpleImagePickTests.xctest */;
			productType = "com.apple.product-type.bundle.unit-test";
		};
		8D92715F1FF448DF00586790 /* simpleImagePickUITests */ = {
			isa = PBXNativeTarget;
			buildConfigurationList = 8D92716F1FF448DF00586790 /* Build configuration list for PBXNativeTarget "simpleImagePickUITests" */;
			buildPhases = (
				8D92715C1FF448DF00586790 /* Sources */,
				8D92715D1FF448DF00586790 /* Frameworks */,
				8D92715E1FF448DF00586790 /* Resources */,
			);
			buildRules = (
			);
			dependencies = (
				8D9271621FF448DF00586790 /* PBXTargetDependency */,
			);
			name = simpleImagePickUITests;
			productName = simpleImagePickUITests;
			productReference = 8D9271601FF448DF00586790 /* simpleImagePickUITests.xctest */;
			productType = "com.apple.product-type.bundle.ui-testing";
		};
/* End PBXNativeTarget section */

/* Begin PBXProject section */
		8D9271391FF448DE00586790 /* Project object */ = {
			isa = PBXProject;
			attributes = {
				LastSwiftUpdateCheck = 0920;
				LastUpgradeCheck = 0920;
				ORGANIZATIONNAME = "Timothy Isenman";
				TargetAttributes = {
					8D9271401FF448DE00586790 = {
						CreatedOnToolsVersion = 9.2;
						ProvisioningStyle = Automatic;
					};
					8D9271541FF448DF00586790 = {
						CreatedOnToolsVersion = 9.2;
						ProvisioningStyle = Automatic;
						TestTargetID = 8D9271401FF448DE00586790;
					};
					8D92715F1FF448DF00586790 = {
						CreatedOnToolsVersion = 9.2;
						ProvisioningStyle = Automatic;
						TestTargetID = 8D9271401FF448DE00586790;
					};
				};
			};
			buildConfigurationList = 8D92713C1FF448DE00586790 /* Build configuration list for PBXProject "simpleImagePick" */;
			compatibilityVersion = "Xcode 8.0";
			developmentRegion = en;
			hasScannedForEncodings = 0;
			knownRegions = (
				en,
				Base,
			);
			mainGroup = 8D9271381FF448DE00586790;
			productRefGroup = 8D9271421FF448DE00586790 /* Products */;
			projectDirPath = "";
			projectRoot = "";
			targets = (
				8D9271401FF448DE00586790 /* simpleImagePick */,
				8D9271541FF448DF00586790 /* simpleImagePickTests */,
				8D92715F1FF448DF00586790 /* simpleImagePickUITests */,
			);
		};
/* End PBXProject section */

/* Begin PBXResourcesBuildPhase section */
		8D92713F1FF448DE00586790 /* Resources */ = {
			isa = PBXResourcesBuildPhase;
			buildActionMask = 2147483647;
			files = (
				8D92714F1FF448DF00586790 /* LaunchScreen.storyboard in Resources */,
				8D92714C1FF448DF00586790 /* Assets.xcassets in Resources */,
				8D92714A1FF448DF00586790 /* Main.storyboard in Resources */,
			);
			runOnlyForDeploymentPostprocessing = 0;
		};
		8D9271531FF448DF00586790 /* Resources */ = {
			isa = PBXResourcesBuildPhase;
			buildActionMask = 2147483647;
			files = (
			);
			runOnlyForDeploymentPostprocessing = 0;
		};
		8D92715E1FF448DF00586790 /* Resources */ = {
			isa = PBXResourcesBuildPhase;
			buildActionMask = 2147483647;
			files = (
			);
			runOnlyForDeploymentPostprocessing = 0;
		};
/* End PBXResourcesBuildPhase section */

/* Begin PBXSourcesBuildPhase section */
		8D92713D1FF448DE00586790 /* Sources */ = {
			isa = PBXSourcesBuildPhase;
			buildActionMask = 2147483647;
			files = (
				8D9271471FF448DF00586790 /* ViewController.swift in Sources */,
				8D9271451FF448DF00586790 /* AppDelegate.swift in Sources */,
			);
			runOnlyForDeploymentPostprocessing = 0;
		};
		8D9271511FF448DF00586790 /* Sources */ = {
			isa = PBXSourcesBuildPhase;
			buildActionMask = 2147483647;
			files = (
				8D92715A1FF448DF00586790 /* simpleImagePickTests.swift in Sources */,
			);
			runOnlyForDeploymentPostprocessing = 0;
		};
		8D92715C1FF448DF00586790 /* Sources */ = {
			isa = PBXSourcesBuildPhase;
			buildActionMask = 2147483647;
			files = (
				8D9271651FF448DF00586790 /* simpleImagePickUITests.swift in Sources */,
			);
			runOnlyForDeploymentPostprocessing = 0;
		};
/* End PBXSourcesBuildPhase section */

/* Begin PBXTargetDependency section */
		8D9271571FF448DF00586790 /* PBXTargetDependency */ = {
			isa = PBXTargetDependency;
			target = 8D9271401FF448DE00586790 /* simpleImagePick */;
			targetProxy = 8D9271561FF448DF00586790 /* PBXContainerItemProxy */;
		};
		8D9271621FF448DF00586790 /* PBXTargetDependency */ = {
			isa = PBXTargetDependency;
			target = 8D9271401FF448DE00586790 /* simpleImagePick */;
			targetProxy = 8D9271611FF448DF00586790 /* PBXContainerItemProxy */;
		};
/* End PBXTargetDependency section */

/* Begin PBXVariantGroup section */
		8D9271481FF448DF00586790 /* Main.storyboard */ = {
			isa = PBXVariantGroup;
			children = (
				8D9271491FF448DF00586790 /* Base */,
			);
			name = Main.storyboard;
			sourceTree = "<group>";
		};
		8D92714D1FF448DF00586790 /* LaunchScreen.storyboard */ = {
			isa = PBXVariantGroup;
			children = (
				8D92714E1FF448DF00586790 /* Base */,
			);
			name = LaunchScreen.storyboard;
			sourceTree = "<group>";
		};
/* End PBXVariantGroup section */

/* Begin XCBuildConfiguration section */
		8D9271671FF448DF00586790 /* Debug */ = {
			isa = XCBuildConfiguration;
			buildSettings = {
				ALWAYS_SEARCH_USER_PATHS = NO;
				CLANG_ANALYZER_NONNULL = YES;
				CLANG_ANALYZER_NUMBER_OBJECT_CONVERSION = YES_AGGRESSIVE;
				CLANG_CXX_LANGUAGE_STANDARD = "gnu++14";
				CLANG_CXX_LIBRARY = "libc++";
				CLANG_ENABLE_MODULES = YES;
				CLANG_ENABLE_OBJC_ARC = YES;
				CLANG_WARN_BLOCK_CAPTURE_AUTORELEASING = YES;
				CLANG_WARN_BOOL_CONVERSION = YES;
				CLANG_WARN_COMMA = YES;
				CLANG_WARN_CONSTANT_CONVERSION = YES;
				CLANG_WARN_DIRECT_OBJC_ISA_USAGE = YES_ERROR;
				CLANG_WARN_DOCUMENTATION_COMMENTS = YES;
				CLANG_WARN_EMPTY_BODY = YES;
				CLANG_WARN_ENUM_CONVERSION = YES;
				CLANG_WARN_INFINITE_RECURSION = YES;
				CLANG_WARN_INT_CONVERSION = YES;
				CLANG_WARN_NON_LITERAL_NULL_CONVERSION = YES;
				CLANG_WARN_OBJC_LITERAL_CONVERSION = YES;
				CLANG_WARN_OBJC_ROOT_CLASS = YES_ERROR;
				CLANG_WARN_RANGE_LOOP_ANALYSIS = YES;
				CLANG_WARN_STRICT_PROTOTYPES = YES;
				CLANG_WARN_SUSPICIOUS_MOVE = YES;
				CLANG_WARN_UNGUARDED_AVAILABILITY = YES_AGGRESSIVE;
				CLANG_WARN_UNREACHABLE_CODE = YES;
				CLANG_WARN__DUPLICATE_METHOD_MATCH = YES;
				CODE_SIGN_IDENTITY = "iPhone Developer";
				COPY_PHASE_STRIP = NO;
				DEBUG_INFORMATION_FORMAT = dwarf;
				ENABLE_STRICT_OBJC_MSGSEND = YES;
				ENABLE_TESTABILITY = YES;
				GCC_C_LANGUAGE_STANDARD = gnu11;
				GCC_DYNAMIC_NO_PIC = NO;
				GCC_NO_COMMON_BLOCKS = YES;
				GCC_OPTIMIZATION_LEVEL = 0;
				GCC_PREPROCESSOR_DEFINITIONS = (
					"DEBUG=1",
					"$(inherited)",
				);
				GCC_WARN_64_TO_32_BIT_CONVERSION = YES;
				GCC_WARN_ABOUT_RETURN_TYPE = YES_ERROR;
				GCC_WARN_UNDECLARED_SELECTOR = YES;
				GCC_WARN_UNINITIALIZED_AUTOS = YES_AGGRESSIVE;
				GCC_WARN_UNUSED_FUNCTION = YES;
				GCC_WARN_UNUSED_VARIABLE = YES;
				IPHONEOS_DEPLOYMENT_TARGET = 11.2;
				MTL_ENABLE_DEBUG_INFO = YES;
				ONLY_ACTIVE_ARCH = YES;
				SDKROOT = iphoneos;
				SWIFT_ACTIVE_COMPILATION_CONDITIONS = DEBUG;
				SWIFT_OPTIMIZATION_LEVEL = "-Onone";
			};
			name = Debug;
		};
		8D9271681FF448DF00586790 /* Release */ = {
			isa = XCBuildConfiguration;
			buildSettings = {
				ALWAYS_SEARCH_USER_PATHS = NO;
				CLANG_ANALYZER_NONNULL = YES;
				CLANG_ANALYZER_NUMBER_OBJECT_CONVERSION = YES_AGGRESSIVE;
				CLANG_CXX_LANGUAGE_STANDARD = "gnu++14";
				CLANG_CXX_LIBRARY = "libc++";
				CLANG_ENABLE_MODULES = YES;
				CLANG_ENABLE_OBJC_ARC = YES;
				CLANG_WARN_BLOCK_CAPTURE_AUTORELEASING = YES;
				CLANG_WARN_BOOL_CONVERSION = YES;
				CLANG_WARN_COMMA = YES;
				CLANG_WARN_CONSTANT_CONVERSION = YES;
				CLANG_WARN_DIRECT_OBJC_ISA_USAGE = YES_ERROR;
				CLANG_WARN_DOCUMENTATION_COMMENTS = YES;
				CLANG_WARN_EMPTY_BODY = YES;
				CLANG_WARN_ENUM_CONVERSION = YES;
				CLANG_WARN_INFINITE_RECURSION = YES;
				CLANG_WARN_INT_CONVERSION = YES;
				CLANG_WARN_NON_LITERAL_NULL_CONVERSION = YES;
				CLANG_WARN_OBJC_LITERAL_CONVERSION = YES;
				CLANG_WARN_OBJC_ROOT_CLASS = YES_ERROR;
				CLANG_WARN_RANGE_LOOP_ANALYSIS = YES;
				CLANG_WARN_STRICT_PROTOTYPES = YES;
				CLANG_WARN_SUSPICIOUS_MOVE = YES;
				CLANG_WARN_UNGUARDED_AVAILABILITY = YES_AGGRESSIVE;
				CLANG_WARN_UNREACHABLE_CODE = YES;
				CLANG_WARN__DUPLICATE_METHOD_MATCH = YES;
				CODE_SIGN_IDENTITY = "iPhone Developer";
				COPY_PHASE_STRIP = NO;
				DEBUG_INFORMATION_FORMAT = "dwarf-with-dsym";
				ENABLE_NS_ASSERTIONS = NO;
				ENABLE_STRICT_OBJC_MSGSEND = YES;
				GCC_C_LANGUAGE_STANDARD = gnu11;
				GCC_NO_COMMON_BLOCKS = YES;
				GCC_WARN_64_TO_32_BIT_CONVERSION = YES;
				GCC_WARN_ABOUT_RETURN_TYPE = YES_ERROR;
				GCC_WARN_UNDECLARED_SELECTOR = YES;
				GCC_WARN_UNINITIALIZED_AUTOS = YES_AGGRESSIVE;
				GCC_WARN_UNUSED_FUNCTION = YES;
				GCC_WARN_UNUSED_VARIABLE = YES;
				IPHONEOS_DEPLOYMENT_TARGET = 11.2;
				MTL_ENABLE_DEBUG_INFO = NO;
				SDKROOT = iphoneos;
				SWIFT_OPTIMIZATION_LEVEL = "-Owholemodule";
				VALIDATE_PRODUCT = YES;
			};
			name = Release;
		};
		8D92716A1FF448DF00586790 /* Debug */ = {
			isa = XCBuildConfiguration;
			buildSettings = {
				ASSETCATALOG_COMPILER_APPICON_NAME = AppIcon;
				CODE_SIGN_STYLE = Automatic;
				DEVELOPMENT_TEAM = D5FYBS9KWD;
				INFOPLIST_FILE = simpleImagePick/Info.plist;
				LD_RUNPATH_SEARCH_PATHS = "$(inherited) @executable_path/Frameworks";
				PRODUCT_BUNDLE_IDENTIFIER = tim.simpleImagePick;
				PRODUCT_NAME = "$(TARGET_NAME)";
				SWIFT_VERSION = 4.0;
				TARGETED_DEVICE_FAMILY = "1,2";
			};
			name = Debug;
		};
		8D92716B1FF448DF00586790 /* Release */ = {
			isa = XCBuildConfiguration;
			buildSettings = {
				ASSETCATALOG_COMPILER_APPICON_NAME = AppIcon;
				CODE_SIGN_STYLE = Automatic;
				DEVELOPMENT_TEAM = D5FYBS9KWD;
				INFOPLIST_FILE = simpleImagePick/Info.plist;
				LD_RUNPATH_SEARCH_PATHS = "$(inherited) @executable_path/Frameworks";
				PRODUCT_BUNDLE_IDENTIFIER = tim.simpleImagePick;
				PRODUCT_NAME = "$(TARGET_NAME)";
				SWIFT_VERSION = 4.0;
				TARGETED_DEVICE_FAMILY = "1,2";
			};
			name = Release;
		};
		8D92716D1FF448DF00586790 /* Debug */ = {
			isa = XCBuildConfiguration;
			buildSettings = {
				ALWAYS_EMBED_SWIFT_STANDARD_LIBRARIES = YES;
				BUNDLE_LOADER = "$(TEST_HOST)";
				CODE_SIGN_STYLE = Automatic;
				DEVELOPMENT_TEAM = D5FYBS9KWD;
				INFOPLIST_FILE = simpleImagePickTests/Info.plist;
				LD_RUNPATH_SEARCH_PATHS = "$(inherited) @executable_path/Frameworks @loader_path/Frameworks";
				PRODUCT_BUNDLE_IDENTIFIER = tim.simpleImagePickTests;
				PRODUCT_NAME = "$(TARGET_NAME)";
				SWIFT_VERSION = 4.0;
				TARGETED_DEVICE_FAMILY = "1,2";
				TEST_HOST = "$(BUILT_PRODUCTS_DIR)/simpleImagePick.app/simpleImagePick";
			};
			name = Debug;
		};
		8D92716E1FF448DF00586790 /* Release */ = {
			isa = XCBuildConfiguration;
			buildSettings = {
				ALWAYS_EMBED_SWIFT_STANDARD_LIBRARIES = YES;
				BUNDLE_LOADER = "$(TEST_HOST)";
				CODE_SIGN_STYLE = Automatic;
				DEVELOPMENT_TEAM = D5FYBS9KWD;
				INFOPLIST_FILE = simpleImagePickTests/Info.plist;
				LD_RUNPATH_SEARCH_PATHS = "$(inherited) @executable_path/Frameworks @loader_path/Frameworks";
				PRODUCT_BUNDLE_IDENTIFIER = tim.simpleImagePickTests;
				PRODUCT_NAME = "$(TARGET_NAME)";
				SWIFT_VERSION = 4.0;
				TARGETED_DEVICE_FAMILY = "1,2";
				TEST_HOST = "$(BUILT_PRODUCTS_DIR)/simpleImagePick.app/simpleImagePick";
			};
			name = Release;
		};
		8D9271701FF448DF00586790 /* Debug */ = {
			isa = XCBuildConfiguration;
			buildSettings = {
				ALWAYS_EMBED_SWIFT_STANDARD_LIBRARIES = YES;
				CODE_SIGN_STYLE = Automatic;
				DEVELOPMENT_TEAM = D5FYBS9KWD;
				INFOPLIST_FILE = simpleImagePickUITests/Info.plist;
				LD_RUNPATH_SEARCH_PATHS = "$(inherited) @executable_path/Frameworks @loader_path/Frameworks";
				PRODUCT_BUNDLE_IDENTIFIER = tim.simpleImagePickUITests;
				PRODUCT_NAME = "$(TARGET_NAME)";
				SWIFT_VERSION = 4.0;
				TARGETED_DEVICE_FAMILY = "1,2";
				TEST_TARGET_NAME = simpleImagePick;
			};
			name = Debug;
		};
		8D9271711FF448DF00586790 /* Release */ = {
			isa = XCBuildConfiguration;
			buildSettings = {
				ALWAYS_EMBED_SWIFT_STANDARD_LIBRARIES = YES;
				CODE_SIGN_STYLE = Automatic;
				DEVELOPMENT_TEAM = D5FYBS9KWD;
				INFOPLIST_FILE = simpleImagePickUITests/Info.plist;
				LD_RUNPATH_SEARCH_PATHS = "$(inherited) @executable_path/Frameworks @loader_path/Frameworks";
				PRODUCT_BUNDLE_IDENTIFIER = tim.simpleImagePickUITests;
				PRODUCT_NAME = "$(TARGET_NAME)";
				SWIFT_VERSION = 4.0;
				TARGETED_DEVICE_FAMILY = "1,2";
				TEST_TARGET_NAME = simpleImagePick;
			};
			name = Release;
		};
/* End XCBuildConfiguration section */

/* Begin XCConfigurationList section */
		8D92713C1FF448DE00586790 /* Build configuration list for PBXProject "simpleImagePick" */ = {
			isa = XCConfigurationList;
			buildConfigurations = (
				8D9271671FF448DF00586790 /* Debug */,
				8D9271681FF448DF00586790 /* Release */,
			);
			defaultConfigurationIsVisible = 0;
			defaultConfigurationName = Release;
		};
		8D9271691FF448DF00586790 /* Build configuration list for PBXNativeTarget "simpleImagePick" */ = {
			isa = XCConfigurationList;
			buildConfigurations = (
				8D92716A1FF448DF00586790 /* Debug */,
				8D92716B1FF448DF00586790 /* Release */,
			);
			defaultConfigurationIsVisible = 0;
			defaultConfigurationName = Release;
		};
		8D92716C1FF448DF00586790 /* Build configuration list for PBXNativeTarget "simpleImagePickTests" */ = {
			isa = XCConfigurationList;
			buildConfigurations = (
				8D92716D1FF448DF00586790 /* Debug */,
				8D92716E1FF448DF00586790 /* Release */,
			);
			defaultConfigurationIsVisible = 0;
			defaultConfigurationName = Release;
		};
		8D92716F1FF448DF00586790 /* Build configuration list for PBXNativeTarget "simpleImagePickUITests" */ = {
			isa = XCConfigurationList;
			buildConfigurations = (
				8D9271701FF448DF00586790 /* Debug */,
				8D9271711FF448DF00586790 /* Release */,
			);
			defaultConfigurationIsVisible = 0;
			defaultConfigurationName = Release;
		};
/* End XCConfigurationList section */
	};
	rootObject = 8D9271391FF448DE00586790 /* Project object */;
}
